{
  "name": "Password Manager",
  "lockfileVersion": 3,
  "requires": true,
  "packages": {
    "": {
      "devDependencies": {
        "tailwindcss-no-scrollbar": "^1.0.1"
      }
    },
    "node_modules/tailwindcss-no-scrollbar": {
      "version": "1.0.1",
      "resolved": "https://registry.npmjs.org/tailwindcss-no-scrollbar/-/tailwindcss-no-scrollbar-1.0.1.tgz",
      "integrity": "sha512-6Jy3iFvlQ8hZ3TdM+c96GMk1hrPYZGxvUghIQvEGGzp6u2JP/iZGXMoOL3/R2Sb4VisUku0oz8NZ9MT4LTgu4w==",
      "dev": true
    }
  }
}
